{
  "object": {
    "pins": [
      {
        "package": "FirebladeMath",
        "repositoryURL": "https://github.com/fireblade-engine/math.git",
        "state": {
          "branch": null,
          "revision": "65aa6b5045d8dd59bc8512b87ab4ec25a18dd82d",
          "version": "0.11.0"
        }
      },
      {
        "package": "SwiftNFD",
        "repositoryURL": "https://github.com/ctreffs/SwiftNFD.git",
        "state": {
          "branch": null,
          "revision": "232b409369db573b62c8aad553da0fcb4ebf4aaf",
          "version": "1.0.2"
        }
      },
      {
        "package": "SDL2",
        "repositoryURL": "https://github.com/ctreffs/SwiftSDL2.git",
        "state": {
          "branch": null,
          "revision": "dc30ee99e4fb5bb4272bfed2e6336d6bc48d8aba",
          "version": "1.3.1"
        }
      },
      {
        "package": "Vulkan",
        "repositoryURL": "https://github.com/ctreffs/SwiftVulkan",
        "state": {
          "branch": null,
          "revision": "1e5bf055439e6f90382e88242ed14f57809a5228",
          "version": "0.1.2"
        }
      },
      {
        "package": "FirebladeTime",
        "repositoryURL": "https://github.com/fireblade-engine/time.git",
        "state": {
          "branch": null,
          "revision": "529c0e27108f2b22d864f61ff3e789dd938ee16c",
          "version": "0.2.0"
        }
      }
    ]
  },
  "version": 1
}
